
Microsoft Visual Studio Solution File, Format Version 12.00
# Visual Studio Version 17
VisualStudioVersion = 17.6.33815.320
MinimumVisualStudioVersion = 10.0.40219.1
Project("{8BC9CEB8-8B4A-11D0-8D11-00A0C91BC942}") = "Connect4", "Connect4\Connect4.vcxproj", "{20A1F225-E5B3-46A7-97BC-870E177E7C2A}"
EndProject
Global
	GlobalSection(SolutionConfigurationPlatforms) = preSolution
		Debug|x64 = Debug|x64
		Debug|x86 = Debug|x86
		Release|x64 = Release|x64
		Release|x86 = Release|x86
	EndGlobalSection
	GlobalSection(ProjectConfigurationPlatforms) = postSolution
		{20A1F225-E5B3-46A7-97BC-870E177E7C2A}.Debug|x64.ActiveCfg = Debug|x64
		{20A1F225-E5B3-46A7-97BC-870E177E7C2A}.Debug|x64.Build.0 = Debug|x64
		{20A1F225-E5B3-46A7-97BC-870E177E7C2A}.Debug|x86.ActiveCfg = Debug|Win32
		{20A1F225-E5B3-46A7-97BC-870E177E7C2A}.Debug|x86.Build.0 = Debug|Win32
		{20A1F225-E5B3-46A7-97BC-870E177E7C2A}.Release|x64.ActiveCfg = Release|x64
		{20A1F225-E5B3-46A7-97BC-870E177E7C2A}.Release|x64.Build.0 = Release|x64
		{20A1F225-E5B3-46A7-97BC-870E177E7C2A}.Release|x86.ActiveCfg = Release|Win32
		{20A1F225-E5B3-46A7-97BC-870E177E7C2A}.Release|x86.Build.0 = Release|Win32
	EndGlobalSection
	GlobalSection(SolutionProperties) = preSolution
		HideSolutionNode = FALSE
	EndGlobalSection
	GlobalSection(ExtensibilityGlobals) = postSolution
		SolutionGuid = {01DDC8BD-2BB6-4B74-B6C1-435ABEA30190}
	EndGlobalSection
EndGlobal
